<?xml version="1.0" encoding="utf-8"?>
<Project ToolsVersion="4.0" xmlns="http://schemas.microsoft.com/developer/msbuild/2003">
  <ItemGroup>
    <Filter Include="Source Files">
      <UniqueIdentifier>{4FC737F1-C7A5-4376-A066-2A32D752A2FF}</UniqueIdentifier>
      <Extensions>cpp;c;cc;cxx;def;odl;idl;hpj;bat;asm;asmx</Extensions>
    </Filter>
    <Filter Include="bson">
      <UniqueIdentifier>{5603559b-8f1c-4f64-9ceb-f1c73cf2a60c}</UniqueIdentifier>
    </Filter>
    <Filter Include="bson\util">
      <UniqueIdentifier>{e2257e74-6f74-4333-8ba1-c35adb40aea2}</UniqueIdentifier>
    </Filter>
  </ItemGroup>
  <ItemGroup>
    <ClCompile Include="bsondemo.cpp">
      <Filter>Source Files</Filter>
    </ClCompile>
  </ItemGroup>
  <ItemGroup>
    <ClInclude Include="..\bson.h">
      <Filter>bson</Filter>
    </ClInclude>
    <ClInclude Include="..\bson_db.h">
      <Filter>bson</Filter>
    </ClInclude>
    <ClInclude Include="..\bsonelement.h">
      <Filter>bson</Filter>
    </ClInclude>
    <ClInclude Include="..\bsoninlines.h">
      <Filter>bson</Filter>
    </ClInclude>
    <ClInclude Include="..\bsonmisc.h">
      <Filter>bson</Filter>
    </ClInclude>
    <ClInclude Include="..\bsonobj.h">
      <Filter>bson</Filter>
    </ClInclude>
    <ClInclude Include="..\bsonobjbuilder.h">
      <Filter>bson</Filter>
    </ClInclude>
    <ClInclude Include="..\bsonobjiterator.h">
      <Filter>bson</Filter>
    </ClInclude>
    <ClInclude Include="..\bsontypes.h">
      <Filter>bson</Filter>
    </ClInclude>
    <ClInclude Include="..\oid.h">
      <Filter>bson</Filter>
    </ClInclude>
    <ClInclude Include="..\ordering.h">
      <Filter>bson</Filter>
    </ClInclude>
    <ClInclude Include="..\util\builder.h">
      <Filter>bson\util</Filter>
    </ClInclude>
    <ClInclude Include="..\util\misc.h">
      <Filter>bson\util</Filter>
    </ClInclude>
  </ItemGroup>
</Project>