<?xml version="1.0" encoding="utf-8"?>
<Project ToolsVersion="4.0" xmlns="http://schemas.microsoft.com/developer/msbuild/2003">
  <ItemGroup>
    <Filter Include="libs">
      <UniqueIdentifier>{f7bc69ce-4477-4896-bd7c-70e700976624}</UniqueIdentifier>
    </Filter>
    <Filter Include="libs\pcre">
      <UniqueIdentifier>{6b91fb9b-ff77-4091-9f09-a0136ccd6156}</UniqueIdentifier>
    </Filter>
    <Filter Include="libs\old_repl">
      <UniqueIdentifier>{a034d64d-74f7-47a4-8b47-46529c8940e6}</UniqueIdentifier>
    </Filter>
    <Filter Include="storage related">
      <UniqueIdentifier>{e3540567-1306-4829-93aa-4357c630c2d1}</UniqueIdentifier>
    </Filter>
    <Filter Include="client">
      <UniqueIdentifier>{a44625d1-e9c9-4e64-b8eb-58eb2a596061}</UniqueIdentifier>
    </Filter>
    <Filter Include="db">
      <UniqueIdentifier>{94aab54d-0dbb-479f-b014-0d1d3772203a}</UniqueIdentifier>
    </Filter>
    <Filter Include="db\cpp">
      <UniqueIdentifier>{4FC737F1-C7A5-4376-A066-2A32D752A2FF}</UniqueIdentifier>
      <Extensions>cpp;c;cc;cxx;def;odl;idl;hpj;bat;asm;asmx</Extensions>
    </Filter>
    <Filter Include="db\h">
      <UniqueIdentifier>{1754fcc1-f818-4e44-9b07-af541f8011e0}</UniqueIdentifier>
    </Filter>
    <Filter Include="util">
      <UniqueIdentifier>{76bf9a7b-195c-4726-9d13-35027ff3701c}</UniqueIdentifier>
    </Filter>
    <Filter Include="util\concurrency">
      <UniqueIdentifier>{7eb403ed-0268-4487-9995-fe12406f25d0}</UniqueIdentifier>
    </Filter>
    <Filter Include="util\web">
      <UniqueIdentifier>{82ec660e-6a5e-4111-b823-80880069f97b}</UniqueIdentifier>
    </Filter>
    <Filter Include="util\md5">
      <UniqueIdentifier>{fc0860d6-8079-45d7-906a-af1cf773cd16}</UniqueIdentifier>
    </Filter>
    <Filter Include="util\net">
      <UniqueIdentifier>{157e8628-3f78-4176-87ed-8579e5f5ef0b}</UniqueIdentifier>
    </Filter>
    <Filter Include="shard">
      <UniqueIdentifier>{21e532fa-3d29-4a07-a1a6-53af920d635b}</UniqueIdentifier>
    </Filter>
    <Filter Include="scripting">
      <UniqueIdentifier>{331f6114-394a-4bc9-914e-e06258e532f4}</UniqueIdentifier>
    </Filter>
    <Filter Include="stats">
      <UniqueIdentifier>{912fccf4-8752-4530-880a-3ffb4e897fdb}</UniqueIdentifier>
    </Filter>
    <Filter Include="btree">
      <UniqueIdentifier>{e21d4dae-0655-475d-b4ff-b3daa16c73ba}</UniqueIdentifier>
    </Filter>
    <Filter Include="replsets">
      <UniqueIdentifier>{3328d6e5-3971-423a-b01f-1dfa9568d1eb}</UniqueIdentifier>
    </Filter>
    <Filter Include="bson">
      <UniqueIdentifier>{271b7d20-9179-42d5-a075-03e0e7d4625e}</UniqueIdentifier>
    </Filter>
  </ItemGroup>
  <ItemGroup>
    <ResourceCompile Include="db.rc">
      <Filter>libs</Filter>
    </ResourceCompile>
  </ItemGroup>
  <ItemGroup>
    <Library Include="..\..\js\src\js.lib">
      <Filter>libs</Filter>
    </Library>
  </ItemGroup>
  <ItemGroup>
    <ClCompile Include="..\pcre-7.4\pcrecpp.cc">
      <Filter>libs</Filter>
    </ClCompile>
    <ClCompile Include="..\pcre-7.4\pcre_chartables.c">
      <Filter>libs\pcre</Filter>
    </ClCompile>
    <ClCompile Include="..\pcre-7.4\pcre_compile.c">
      <Filter>libs\pcre</Filter>
    </ClCompile>
    <ClCompile Include="..\pcre-7.4\pcre_config.c">
      <Filter>libs\pcre</Filter>
    </ClCompile>
    <ClCompile Include="..\pcre-7.4\pcre_dfa_exec.c">
      <Filter>libs\pcre</Filter>
    </ClCompile>
    <ClCompile Include="..\pcre-7.4\pcre_exec.c">
      <Filter>libs\pcre</Filter>
    </ClCompile>
    <ClCompile Include="..\pcre-7.4\pcre_fullinfo.c">
      <Filter>libs\pcre</Filter>
    </ClCompile>
    <ClCompile Include="..\pcre-7.4\pcre_get.c">
      <Filter>libs\pcre</Filter>
    </ClCompile>
    <ClCompile Include="..\pcre-7.4\pcre_globals.c">
      <Filter>libs\pcre</Filter>
    </ClCompile>
    <ClCompile Include="..\pcre-7.4\pcre_info.c">
      <Filter>libs\pcre</Filter>
    </ClCompile>
    <ClCompile Include="..\pcre-7.4\pcre_maketables.c">
      <Filter>libs\pcre</Filter>
    </ClCompile>
    <ClCompile Include="..\pcre-7.4\pcre_newline.c">
      <Filter>libs\pcre</Filter>
    </ClCompile>
    <ClCompile Include="..\pcre-7.4\pcre_ord2utf8.c">
      <Filter>libs\pcre</Filter>
    </ClCompile>
    <ClCompile Include="..\pcre-7.4\pcre_refcount.c">
      <Filter>libs\pcre</Filter>
    </ClCompile>
    <ClCompile Include="..\pcre-7.4\pcre_scanner.cc">
      <Filter>libs\pcre</Filter>
    </ClCompile>
    <ClCompile Include="..\pcre-7.4\pcre_stringpiece.cc">
      <Filter>libs\pcre</Filter>
    </ClCompile>
    <ClCompile Include="..\pcre-7.4\pcre_study.c">
      <Filter>libs\pcre</Filter>
    </ClCompile>
    <ClCompile Include="..\pcre-7.4\pcre_tables.c">
      <Filter>libs\pcre</Filter>
    </ClCompile>
    <ClCompile Include="..\pcre-7.4\pcre_try_flipped.c">
      <Filter>libs\pcre</Filter>
    </ClCompile>
    <ClCompile Include="..\pcre-7.4\pcre_ucp_searchfuncs.c">
      <Filter>libs\pcre</Filter>
    </ClCompile>
    <ClCompile Include="..\pcre-7.4\pcre_valid_utf8.c">
      <Filter>libs\pcre</Filter>
    </ClCompile>
    <ClCompile Include="..\pcre-7.4\pcre_version.c">
      <Filter>libs\pcre</Filter>
    </ClCompile>
    <ClCompile Include="..\pcre-7.4\pcre_xclass.c">
      <Filter>libs\pcre</Filter>
    </ClCompile>
    <ClCompile Include="..\pcre-7.4\pcreposix.c">
      <Filter>libs\pcre</Filter>
    </ClCompile>
    <ClCompile Include="oplog.cpp">
      <Filter>libs\old_repl</Filter>
    </ClCompile>
    <ClCompile Include="repl.cpp">
      <Filter>libs\old_repl</Filter>
    </ClCompile>
    <ClCompile Include="repl_block.cpp">
      <Filter>libs\old_repl</Filter>
    </ClCompile>
    <ClCompile Include="storage.cpp">
      <Filter>storage related</Filter>
    </ClCompile>
    <ClCompile Include="..\client\connpool.cpp">
      <Filter>client</Filter>
    </ClCompile>
    <ClCompile Include="..\client\dbclient.cpp">
      <Filter>client</Filter>
    </ClCompile>
    <ClCompile Include="..\client\dbclientcursor.cpp">
      <Filter>client</Filter>
    </ClCompile>
    <ClCompile Include="..\client\distlock.cpp">
      <Filter>client</Filter>
    </ClCompile>
    <ClCompile Include="..\client\syncclusterconnection.cpp">
      <Filter>client</Filter>
    </ClCompile>
    <ClCompile Include="..\pch.cpp">
      <Filter>db</Filter>
    </ClCompile>
    <ClCompile Include="cap.cpp">
      <Filter>db\cpp</Filter>
    </ClCompile>
    <ClCompile Include="client.cpp">
      <Filter>db\cpp</Filter>
    </ClCompile>
    <ClCompile Include="clientcursor.cpp">
      <Filter>db\cpp</Filter>
    </ClCompile>
    <ClCompile Include="cloner.cpp">
      <Filter>db\cpp</Filter>
    </ClCompile>
    <ClCompile Include="commands.cpp">
      <Filter>db\cpp</Filter>
    </ClCompile>
    <ClCompile Include="common.cpp">
      <Filter>db\cpp</Filter>
    </ClCompile>
    <ClCompile Include="cursor.cpp">
      <Filter>db\cpp</Filter>
    </ClCompile>
    <ClCompile Include="..\s\d_util.cpp">
      <Filter>db\cpp</Filter>
    </ClCompile>
    <ClCompile Include="database.cpp">
      <Filter>db\cpp</Filter>
    </ClCompile>
    <ClCompile Include="db.cpp">
      <Filter>db\cpp</Filter>
    </ClCompile>
    <ClCompile Include="dbcommands.cpp">
      <Filter>db\cpp</Filter>
    </ClCompile>
    <ClCompile Include="dbcommands_admin.cpp">
      <Filter>db\cpp</Filter>
    </ClCompile>
    <ClCompile Include="dbeval.cpp">
      <Filter>db\cpp</Filter>
    </ClCompile>
    <ClCompile Include="dbhelpers.cpp">
      <Filter>db\cpp</Filter>
    </ClCompile>
    <ClCompile Include="dbwebserver.cpp">
      <Filter>db\cpp</Filter>
    </ClCompile>
    <ClCompile Include="extsort.cpp">
      <Filter>db\cpp</Filter>
    </ClCompile>
    <ClCompile Include="index.cpp">
      <Filter>db\cpp</Filter>
    </ClCompile>
    <ClCompile Include="indexkey.cpp">
      <Filter>db\cpp</Filter>
    </ClCompile>
    <ClCompile Include="instance.cpp">
      <Filter>db\cpp</Filter>
    </ClCompile>
    <ClCompile Include="introspect.cpp">
      <Filter>db\cpp</Filter>
    </ClCompile>
    <ClCompile Include="jsobj.cpp">
      <Filter>db\cpp</Filter>
    </ClCompile>
    <ClCompile Include="json.cpp">
      <Filter>db\cpp</Filter>
    </ClCompile>
    <ClCompile Include="lasterror.cpp">
      <Filter>db\cpp</Filter>
    </ClCompile>
    <ClCompile Include="matcher.cpp">
      <Filter>db\cpp</Filter>
    </ClCompile>
    <ClCompile Include="matcher_covered.cpp">
      <Filter>db\cpp</Filter>
    </ClCompile>
    <ClCompile Include="..\util\mmap_win.cpp">
      <Filter>db\cpp</Filter>
    </ClCompile>
    <ClCompile Include="modules\mms.cpp">
      <Filter>db\cpp</Filter>
    </ClCompile>
    <ClCompile Include="module.cpp">
      <Filter>db\cpp</Filter>
    </ClCompile>
    <ClCompile Include="mr.cpp">
      <Filter>db\cpp</Filter>
    </ClCompile>
    <ClCompile Include="namespace.cpp">
      <Filter>db\cpp</Filter>
    </ClCompile>
    <ClCompile Include="nonce.cpp">
      <Filter>db\cpp</Filter>
    </ClCompile>
    <ClCompile Include="..\client\parallel.cpp">
      <Filter>db\cpp</Filter>
    </ClCompile>
    <ClCompile Include="pdfile.cpp">
      <Filter>db\cpp</Filter>
    </ClCompile>
    <ClCompile Include="query.cpp">
      <Filter>db\cpp</Filter>
    </ClCompile>
    <ClCompile Include="queryoptimizer.cpp">
      <Filter>db\cpp</Filter>
    </ClCompile>
    <ClCompile Include="..\util\ramstore.cpp">
      <Filter>db\cpp</Filter>
    </ClCompile>
    <ClCompile Include="restapi.cpp">
      <Filter>db\cpp</Filter>
    </ClCompile>
    <ClCompile Include="security.cpp">
      <Filter>db\cpp</Filter>
    </ClCompile>
    <ClCompile Include="security_commands.cpp">
      <Filter>db\cpp</Filter>
    </ClCompile>
    <ClCompile Include="tests.cpp">
      <Filter>db\cpp</Filter>
    </ClCompile>
    <ClCompile Include="update.cpp">
      <Filter>db\cpp</Filter>
    </ClCompile>
    <ClCompile Include="cmdline.cpp">
      <Filter>db\h</Filter>
    </ClCompile>
    <ClCompile Include="queryutil.cpp">
      <Filter>db\h</Filter>
    </ClCompile>
    <ClCompile Include="..\util\assert_util.cpp">
      <Filter>util</Filter>
    </ClCompile>
    <ClCompile Include="..\util\background.cpp">
      <Filter>util</Filter>
    </ClCompile>
    <ClCompile Include="..\util\base64.cpp">
      <Filter>util</Filter>
    </ClCompile>
    <ClCompile Include="..\util\log.cpp">
      <Filter>util</Filter>
    </ClCompile>
    <ClCompile Include="..\util\mmap.cpp">
      <Filter>util</Filter>
    </ClCompile>
    <ClCompile Include="..\util\ntservice.cpp">
      <Filter>util</Filter>
    </ClCompile>
    <ClCompile Include="..\util\processinfo.cpp">
      <Filter>util</Filter>
    </ClCompile>
    <ClCompile Include="..\util\processinfo_win32.cpp">
      <Filter>util</Filter>
    </ClCompile>
    <ClCompile Include="..\util\stringutils.cpp">
      <Filter>util</Filter>
    </ClCompile>
    <ClCompile Include="..\util\text.cpp">
      <Filter>util</Filter>
    </ClCompile>
    <ClCompile Include="..\util\util.cpp">
      <Filter>util</Filter>
    </ClCompile>
    <ClCompile Include="..\util\version.cpp">
      <Filter>util</Filter>
    </ClCompile>
    <ClCompile Include="..\util\concurrency\task.cpp">
      <Filter>util\concurrency</Filter>
    </ClCompile>
    <ClCompile Include="..\util\concurrency\thread_pool.cpp">
      <Filter>util\concurrency</Filter>
    </ClCompile>
    <ClCompile Include="..\util\concurrency\vars.cpp">
      <Filter>util\concurrency</Filter>
    </ClCompile>
    <ClCompile Include="..\util\httpclient.cpp">
      <Filter>util\web</Filter>
    </ClCompile>
    <ClCompile Include="..\util\miniwebserver.cpp">
      <Filter>util\web</Filter>
    </ClCompile>
    <ClCompile Include="..\util\md5.c">
      <Filter>util\md5</Filter>
    </ClCompile>
    <ClCompile Include="..\util\md5main.cpp">
      <Filter>util\md5</Filter>
    </ClCompile>
    <ClCompile Include="..\util\message.cpp">
      <Filter>util\net</Filter>
    </ClCompile>
    <ClCompile Include="..\util\message_server_port.cpp">
      <Filter>util\net</Filter>
    </ClCompile>
    <ClCompile Include="..\util\sock.cpp">
      <Filter>util\net</Filter>
    </ClCompile>
    <ClCompile Include="..\s\chunk.cpp">
      <Filter>shard</Filter>
    </ClCompile>
    <ClCompile Include="..\s\config.cpp">
      <Filter>shard</Filter>
    </ClCompile>
    <ClCompile Include="..\s\d_logic.cpp">
      <Filter>shard</Filter>
    </ClCompile>
    <ClCompile Include="..\s\d_migrate.cpp">
      <Filter>shard</Filter>
    </ClCompile>
    <ClCompile Include="..\s\d_state.cpp">
      <Filter>shard</Filter>
    </ClCompile>
    <ClCompile Include="..\s\d_writeback.cpp">
      <Filter>shard</Filter>
    </ClCompile>
    <ClCompile Include="..\s\grid.cpp">
      <Filter>shard</Filter>
    </ClCompile>
    <ClCompile Include="..\s\shard.cpp">
      <Filter>shard</Filter>
    </ClCompile>
    <ClCompile Include="..\s\shardconnection.cpp">
      <Filter>shard</Filter>
    </ClCompile>
    <ClCompile Include="..\s\shardkey.cpp">
      <Filter>shard</Filter>
    </ClCompile>
    <ClCompile Include="..\scripting\engine.cpp">
      <Filter>scripting</Filter>
    </ClCompile>
    <ClCompile Include="..\scripting\engine_spidermonkey.cpp">
      <Filter>scripting</Filter>
    </ClCompile>
    <ClCompile Include="..\shell\mongo_vstudio.cpp">
      <Filter>scripting</Filter>
    </ClCompile>
    <ClCompile Include="..\scripting\utils.cpp">
      <Filter>scripting</Filter>
    </ClCompile>
    <ClCompile Include="stats\counters.cpp">
      <Filter>stats</Filter>
    </ClCompile>
    <ClCompile Include="stats\snapshots.cpp">
      <Filter>stats</Filter>
    </ClCompile>
    <ClCompile Include="stats\top.cpp">
      <Filter>stats</Filter>
    </ClCompile>
    <ClCompile Include="btree.cpp">
      <Filter>btree</Filter>
    </ClCompile>
    <ClCompile Include="btreecursor.cpp">
      <Filter>btree</Filter>
    </ClCompile>
    <ClCompile Include="repl\consensus.cpp">
      <Filter>replsets</Filter>
    </ClCompile>
    <ClCompile Include="repl\health.cpp">
      <Filter>replsets</Filter>
    </ClCompile>
    <ClCompile Include="repl\heartbeat.cpp">
      <Filter>replsets</Filter>
    </ClCompile>
    <ClCompile Include="repl\manager.cpp">
      <Filter>replsets</Filter>
    </ClCompile>
    <ClCompile Include="repl\replset_commands.cpp">
      <Filter>replsets</Filter>
    </ClCompile>
    <ClCompile Include="repl\rs.cpp">
      <Filter>replsets</Filter>
    </ClCompile>
    <ClCompile Include="repl\rs_config.cpp">
      <Filter>replsets</Filter>
    </ClCompile>
    <ClCompile Include="repl\rs_initialsync.cpp">
      <Filter>replsets</Filter>
    </ClCompile>
    <ClCompile Include="repl\rs_initiate.cpp">
      <Filter>replsets</Filter>
    </ClCompile>
    <ClCompile Include="repl\rs_rollback.cpp">
      <Filter>replsets</Filter>
    </ClCompile>
    <ClCompile Include="repl\rs_sync.cpp">
      <Filter>replsets</Filter>
    </ClCompile>
  </ItemGroup>
  <ItemGroup>
    <None Include="..\SConstruct">
      <Filter>libs</Filter>
    </None>
  </ItemGroup>
  <ItemGroup>
    <ClInclude Include="..\targetver.h">
      <Filter>libs</Filter>
    </ClInclude>
    <ClInclude Include="..\pcre-7.4\config.h">
      <Filter>libs\pcre</Filter>
    </ClInclude>
    <ClInclude Include="..\pcre-7.4\pcre.h">
      <Filter>libs\pcre</Filter>
    </ClInclude>
    <ClInclude Include="repl.h">
      <Filter>libs\old_repl</Filter>
    </ClInclude>
    <ClInclude Include="replpair.h">
      <Filter>libs\old_repl</Filter>
    </ClInclude>
    <ClInclude Include="rec.h">
      <Filter>storage related</Filter>
    </ClInclude>
    <ClInclude Include="reccache.h">
      <Filter>storage related</Filter>
    </ClInclude>
    <ClInclude Include="reci.h">
      <Filter>storage related</Filter>
    </ClInclude>
    <ClInclude Include="recstore.h">
      <Filter>storage related</Filter>
    </ClInclude>
    <ClInclude Include="storage.h">
      <Filter>storage related</Filter>
    </ClInclude>
    <ClInclude Include="..\client\connpool.h">
      <Filter>client</Filter>
    </ClInclude>
    <ClInclude Include="..\client\dbclient.h">
      <Filter>client</Filter>
    </ClInclude>
    <ClInclude Include="..\client\distlock.h">
      <Filter>client</Filter>
    </ClInclude>
    <ClInclude Include="..\client\model.h">
      <Filter>client</Filter>
    </ClInclude>
    <ClInclude Include="..\client\redef_macros.h">
      <Filter>client</Filter>
    </ClInclude>
    <ClInclude Include="..\client\syncclusterconnection.h">
      <Filter>client</Filter>
    </ClInclude>
    <ClInclude Include="..\client\undef_macros.h">
      <Filter>client</Filter>
    </ClInclude>
    <ClInclude Include="background.h">
      <Filter>db\h</Filter>
    </ClInclude>
    <ClInclude Include="client.h">
      <Filter>db\h</Filter>
    </ClInclude>
    <ClInclude Include="clientcursor.h">
      <Filter>db\h</Filter>
    </ClInclude>
    <ClInclude Include="cmdline.h">
      <Filter>db\h</Filter>
    </ClInclude>
    <ClInclude Include="commands.h">
      <Filter>db\h</Filter>
    </ClInclude>
    <ClInclude Include="concurrency.h">
      <Filter>db\h</Filter>
    </ClInclude>
    <ClInclude Include="curop.h">
      <Filter>db\h</Filter>
    </ClInclude>
    <ClInclude Include="cursor.h">
      <Filter>db\h</Filter>
    </ClInclude>
    <ClInclude Include="database.h">
      <Filter>db\h</Filter>
    </ClInclude>
    <ClInclude Include="db.h">
      <Filter>db\h</Filter>
    </ClInclude>
    <ClInclude Include="dbhelpers.h">
      <Filter>db\h</Filter>
    </ClInclude>
    <ClInclude Include="dbinfo.h">
      <Filter>db\h</Filter>
    </ClInclude>
    <ClInclude Include="dbmessage.h">
      <Filter>db\h</Filter>
    </ClInclude>
    <ClInclude Include="dbwebserver.h">
      <Filter>db\h</Filter>
    </ClInclude>
    <ClInclude Include="diskloc.h">
      <Filter>db\h</Filter>
    </ClInclude>
    <ClInclude Include="index.h">
      <Filter>db\h</Filter>
    </ClInclude>
    <ClInclude Include="indexkey.h">
      <Filter>db\h</Filter>
    </ClInclude>
    <ClInclude Include="introspect.h">
      <Filter>db\h</Filter>
    </ClInclude>
    <ClInclude Include="json.h">
      <Filter>db\h</Filter>
    </ClInclude>
    <ClInclude Include="matcher.h">
      <Filter>db\h</Filter>
    </ClInclude>
    <ClInclude Include="..\grid\message.h">
      <Filter>db\h</Filter>
    </ClInclude>
    <ClInclude Include="minilex.h">
      <Filter>db\h</Filter>
    </ClInclude>
    <ClInclude Include="namespace.h">
      <Filter>db\h</Filter>
    </ClInclude>
    <ClInclude Include="..\pch.h">
      <Filter>db\h</Filter>
    </ClInclude>
    <ClInclude Include="pdfile.h">
      <Filter>db\h</Filter>
    </ClInclude>
    <ClInclude Include="..\grid\protocol.h">
      <Filter>db\h</Filter>
    </ClInclude>
    <ClInclude Include="query.h">
      <Filter>db\h</Filter>
    </ClInclude>
    <ClInclude Include="queryoptimizer.h">
      <Filter>db\h</Filter>
    </ClInclude>
    <ClInclude Include="resource.h">
      <Filter>db\h</Filter>
    </ClInclude>
    <ClInclude Include="scanandorder.h">
      <Filter>db\h</Filter>
    </ClInclude>
    <ClInclude Include="security.h">
      <Filter>db\h</Filter>
    </ClInclude>
    <ClInclude Include="update.h">
      <Filter>db\h</Filter>
    </ClInclude>
    <ClInclude Include="..\util\allocator.h">
      <Filter>util</Filter>
    </ClInclude>
    <ClInclude Include="..\util\array.h">
      <Filter>util</Filter>
    </ClInclude>
    <ClInclude Include="..\util\assert_util.h">
      <Filter>util</Filter>
    </ClInclude>
    <ClInclude Include="..\util\background.h">
      <Filter>util</Filter>
    </ClInclude>
    <ClInclude Include="..\util\base64.h">
      <Filter>util</Filter>
    </ClInclude>
    <ClInclude Include="..\util\builder.h">
      <Filter>util</Filter>
    </ClInclude>
    <ClInclude Include="..\util\debug_util.h">
      <Filter>util</Filter>
    </ClInclude>
    <ClInclude Include="..\util\embedded_builder.h">
      <Filter>util</Filter>
    </ClInclude>
    <ClInclude Include="..\util\file.h">
      <Filter>util</Filter>
    </ClInclude>
    <ClInclude Include="..\util\file_allocator.h">
      <Filter>util</Filter>
    </ClInclude>
    <ClInclude Include="..\util\goodies.h">
      <Filter>util</Filter>
    </ClInclude>
    <ClInclude Include="..\util\hashtab.h">
      <Filter>util</Filter>
    </ClInclude>
    <ClInclude Include="..\util\hex.h">
      <Filter>util</Filter>
    </ClInclude>
    <ClInclude Include="..\util\interlocked.h">
      <Filter>util</Filter>
    </ClInclude>
    <ClInclude Include="lasterror.h">
      <Filter>util</Filter>
    </ClInclude>
    <ClInclude Include="..\util\log.h">
      <Filter>util</Filter>
    </ClInclude>
    <ClInclude Include="..\util\lruishmap.h">
      <Filter>util</Filter>
    </ClInclude>
    <ClInclude Include="..\util\mmap.h">
      <Filter>util</Filter>
    </ClInclude>
    <ClInclude Include="..\util\mvar.h">
      <Filter>util</Filter>
    </ClInclude>
    <ClInclude Include="..\util\ntservice.h">
      <Filter>util</Filter>
    </ClInclude>
    <ClInclude Include="..\util\optime.h">
      <Filter>util</Filter>
    </ClInclude>
    <ClInclude Include="..\util\processinfo.h">
      <Filter>util</Filter>
    </ClInclude>
    <ClInclude Include="..\util\queue.h">
      <Filter>util</Filter>
    </ClInclude>
    <ClInclude Include="..\util\ramstore.h">
      <Filter>util</Filter>
    </ClInclude>
    <ClInclude Include="..\util\rwlock.h">
      <Filter>util</Filter>
    </ClInclude>
    <ClInclude Include="..\util\stringutils.h">
      <Filter>util</Filter>
    </ClInclude>
    <ClInclude Include="..\util\text.h">
      <Filter>util</Filter>
    </ClInclude>
    <ClInclude Include="..\util\thread_pool.h">
      <Filter>util</Filter>
    </ClInclude>
    <ClInclude Include="..\util\unittest.h">
      <Filter>util</Filter>
    </ClInclude>
    <ClInclude Include="..\util\version.h">
      <Filter>util</Filter>
    </ClInclude>
    <ClInclude Include="..\util\concurrency\list.h">
      <Filter>util\concurrency</Filter>
    </ClInclude>
    <ClInclude Include="..\util\concurrency\msg.h">
      <Filter>util\concurrency</Filter>
    </ClInclude>
    <ClInclude Include="..\util\concurrency\task.h">
      <Filter>util\concurrency</Filter>
    </ClInclude>
    <ClInclude Include="..\util\concurrency\thread_pool.h">
      <Filter>util\concurrency</Filter>
    </ClInclude>
    <ClInclude Include="..\util\concurrency\value.h">
      <Filter>util\concurrency</Filter>
    </ClInclude>
    <ClInclude Include="..\util\web\html.h">
      <Filter>util\web</Filter>
    </ClInclude>
    <ClInclude Include="..\util\httpclient.h">
      <Filter>util\web</Filter>
    </ClInclude>
    <ClInclude Include="..\util\miniwebserver.h">
      <Filter>util\web</Filter>
    </ClInclude>
    <ClInclude Include="..\util\md5.h">
      <Filter>util\md5</Filter>
    </ClInclude>
    <ClInclude Include="..\util\md5.hpp">
      <Filter>util\md5</Filter>
    </ClInclude>
    <ClInclude Include="..\util\message.h">
      <Filter>util\net</Filter>
    </ClInclude>
    <ClInclude Include="..\util\message_server.h">
      <Filter>util\net</Filter>
    </ClInclude>
    <ClInclude Include="..\util\sock.h">
      <Filter>util\net</Filter>
    </ClInclude>
    <ClInclude Include="..\s\chunk.h">
      <Filter>shard</Filter>
    </ClInclude>
    <ClInclude Include="..\s\config.h">
      <Filter>shard</Filter>
    </ClInclude>
    <ClInclude Include="..\s\grid.h">
      <Filter>shard</Filter>
    </ClInclude>
    <ClInclude Include="..\s\shard.h">
      <Filter>shard</Filter>
    </ClInclude>
    <ClInclude Include="..\s\shardkey.h">
      <Filter>shard</Filter>
    </ClInclude>
    <ClInclude Include="..\scripting\engine.h">
      <Filter>scripting</Filter>
    </ClInclude>
    <ClInclude Include="..\scripting\engine_java.h">
      <Filter>scripting</Filter>
    </ClInclude>
    <ClInclude Include="..\scripting\engine_spidermonkey.h">
      <Filter>scripting</Filter>
    </ClInclude>
    <ClInclude Include="..\scripting\engine_v8.h">
      <Filter>scripting</Filter>
    </ClInclude>
    <ClInclude Include="..\scripting\v8_db.h">
      <Filter>scripting</Filter>
    </ClInclude>
    <ClInclude Include="..\scripting\v8_utils.h">
      <Filter>scripting</Filter>
    </ClInclude>
    <ClInclude Include="..\scripting\v8_wrapper.h">
      <Filter>scripting</Filter>
    </ClInclude>
    <ClInclude Include="btree.h">
      <Filter>btree</Filter>
    </ClInclude>
    <ClInclude Include="repl\connections.h">
      <Filter>replsets</Filter>
    </ClInclude>
    <ClInclude Include="repl\health.h">
      <Filter>replsets</Filter>
    </ClInclude>
    <ClInclude Include="..\util\hostandport.h">
      <Filter>replsets</Filter>
    </ClInclude>
    <ClInclude Include="repl\rs.h">
      <Filter>replsets</Filter>
    </ClInclude>
    <ClInclude Include="repl\rs_config.h">
      <Filter>replsets</Filter>
    </ClInclude>
    <ClInclude Include="..\bson\bsonelement.h">
      <Filter>bson</Filter>
    </ClInclude>
    <ClInclude Include="..\bson\bsoninlines.h">
      <Filter>bson</Filter>
    </ClInclude>
    <ClInclude Include="..\bson\bsonmisc.h">
      <Filter>bson</Filter>
    </ClInclude>
    <ClInclude Include="..\bson\bsonobj.h">
      <Filter>bson</Filter>
    </ClInclude>
    <ClInclude Include="..\bson\bsonobjbuilder.h">
      <Filter>bson</Filter>
    </ClInclude>
    <ClInclude Include="..\bson\bsonobjiterator.h">
      <Filter>bson</Filter>
    </ClInclude>
    <ClInclude Include="..\bson\bsontypes.h">
      <Filter>bson</Filter>
    </ClInclude>
    <ClInclude Include="jsobj.h">
      <Filter>bson</Filter>
    </ClInclude>
    <ClInclude Include="..\bson\oid.h">
      <Filter>bson</Filter>
    </ClInclude>
    <ClInclude Include="..\bson\ordering.h">
      <Filter>bson</Filter>
    </ClInclude>
  </ItemGroup>
    <Filter Include="replSets\testing">
    </None>
    <None Include="..\jstests\replsets\replset_remove_node.js">
      <Filter>replSets\testing</Filter>
    </None>
    <None Include="..\jstests\replsets\replset1.js">
      <Filter>replSets\testing</Filter>
    </None>
    <None Include="..\jstests\replsets\replset2.js">
      <Filter>replSets\testing</Filter>
    </None>
    <None Include="..\jstests\replsets\replset3.js">
      <Filter>replSets\testing</Filter>
    </None>
    <None Include="..\jstests\replsets\replset4.js">
      <Filter>replSets\testing</Filter>
    </None>
    <None Include="..\jstests\replsets\replset5.js">
      <Filter>replSets\testing</Filter>
    </None>
    <None Include="..\jstests\replsets\replsetadd.js">
      <Filter>replSets\testing</Filter>
    </None>
    <None Include="..\jstests\replsets\replsetarb1.js">
      <Filter>replSets\testing</Filter>
    </None>
    <None Include="..\jstests\replsets\replsetarb2.js">
      <Filter>replSets\testing</Filter>
    </None>
    <None Include="..\jstests\replsets\replsetprio1.js">
      <Filter>replSets\testing</Filter>
    </None>
    <None Include="..\jstests\replsets\replsetrestart1.js">
      <Filter>replSets\testing</Filter>
    </None>
    <None Include="..\jstests\replsets\replsetrestart2.js">
      <Filter>replSets\testing</Filter>
    </None>
    <None Include="..\jstests\replsets\rollback.js">
      <Filter>replSets\testing</Filter>
    </None>
    <None Include="..\jstests\replsets\rollback2.js">
      <Filter>replSets\testing</Filter>
    </None>
    <None Include="..\jstests\replsets\sync1.js">
      <Filter>replSets\testing</Filter>
    </None>
    <None Include="..\jstests\replsets\twosets.js">
      <Filter>replSets\testing</Filter>
</Project>