<?xml version="1.0" encoding="utf-8"?>
    <ClInclude Include="..\util\text.h">
      <Filter>util</Filter>
    </ClInclude>
    <ClCompile Include="..\s\d_state.cpp" />
    <None Include="..\jstests\rs\rs_basic.js">
      <Filter>rs\test stuff</Filter>
    </None>
    <None Include="..\jstests\rs\test_framework.js">
      <Filter>rs\test stuff</Filter>
    </None>
  </ItemGroup>
</Project>